
Microsoft Visual Studio Solution File, Format Version 12.00
# Visual Studio Version 17
VisualStudioVersion = 17.3.32901.215
MinimumVisualStudioVersion = 10.0.40219.1
Project("{8BC9CEB8-8B4A-11D0-8D11-00A0C91BC942}") = "ch04_111", "ch04_111\ch04_111.vcxproj", "{8A4631C5-BD8E-4E3D-9107-DF1F8A91316B}"
EndProject
Global
	GlobalSection(SolutionConfigurationPlatforms) = preSolution
		Debug|x64 = Debug|x64
		Debug|x86 = Debug|x86
		Release|x64 = Release|x64
		Release|x86 = Release|x86
	EndGlobalSection
	GlobalSection(ProjectConfigurationPlatforms) = postSolution
		{8A4631C5-BD8E-4E3D-9107-DF1F8A91316B}.Debug|x64.ActiveCfg = Debug|x64
		{8A4631C5-BD8E-4E3D-9107-DF1F8A91316B}.Debug|x64.Build.0 = Debug|x64
		{8A4631C5-BD8E-4E3D-9107-DF1F8A91316B}.Debug|x86.ActiveCfg = Debug|Win32
		{8A4631C5-BD8E-4E3D-9107-DF1F8A91316B}.Debug|x86.Build.0 = Debug|Win32
		{8A4631C5-BD8E-4E3D-9107-DF1F8A91316B}.Release|x64.ActiveCfg = Release|x64
		{8A4631C5-BD8E-4E3D-9107-DF1F8A91316B}.Release|x64.Build.0 = Release|x64
		{8A4631C5-BD8E-4E3D-9107-DF1F8A91316B}.Release|x86.ActiveCfg = Release|Win32
		{8A4631C5-BD8E-4E3D-9107-DF1F8A91316B}.Release|x86.Build.0 = Release|Win32
	EndGlobalSection
	GlobalSection(SolutionProperties) = preSolution
		HideSolutionNode = FALSE
	EndGlobalSection
	GlobalSection(ExtensibilityGlobals) = postSolution
		SolutionGuid = {4A3A55E0-4186-48A8-9848-2D105B7EEB44}
	EndGlobalSection
EndGlobal
