
Microsoft Visual Studio Solution File, Format Version 12.00
# Visual Studio Version 17
VisualStudioVersion = 17.3.32901.215
MinimumVisualStudioVersion = 10.0.40219.1
Project("{8BC9CEB8-8B4A-11D0-8D11-00A0C91BC942}") = "test_1018_2", "test_1018_2\test_1018_2.vcxproj", "{7C8B7F12-C4BE-45E1-A6B7-FCF7B43AF21C}"
EndProject
Global
	GlobalSection(SolutionConfigurationPlatforms) = preSolution
		Debug|x64 = Debug|x64
		Debug|x86 = Debug|x86
		Release|x64 = Release|x64
		Release|x86 = Release|x86
	EndGlobalSection
	GlobalSection(ProjectConfigurationPlatforms) = postSolution
		{7C8B7F12-C4BE-45E1-A6B7-FCF7B43AF21C}.Debug|x64.ActiveCfg = Debug|x64
		{7C8B7F12-C4BE-45E1-A6B7-FCF7B43AF21C}.Debug|x64.Build.0 = Debug|x64
		{7C8B7F12-C4BE-45E1-A6B7-FCF7B43AF21C}.Debug|x86.ActiveCfg = Debug|Win32
		{7C8B7F12-C4BE-45E1-A6B7-FCF7B43AF21C}.Debug|x86.Build.0 = Debug|Win32
		{7C8B7F12-C4BE-45E1-A6B7-FCF7B43AF21C}.Release|x64.ActiveCfg = Release|x64
		{7C8B7F12-C4BE-45E1-A6B7-FCF7B43AF21C}.Release|x64.Build.0 = Release|x64
		{7C8B7F12-C4BE-45E1-A6B7-FCF7B43AF21C}.Release|x86.ActiveCfg = Release|Win32
		{7C8B7F12-C4BE-45E1-A6B7-FCF7B43AF21C}.Release|x86.Build.0 = Release|Win32
	EndGlobalSection
	GlobalSection(SolutionProperties) = preSolution
		HideSolutionNode = FALSE
	EndGlobalSection
	GlobalSection(ExtensibilityGlobals) = postSolution
		SolutionGuid = {C27C73EA-2348-42DB-ACBF-3952E4797593}
	EndGlobalSection
EndGlobal
